// !$*UTF8*$!
{
	archiveVersion = 1;
	classes = {
	};
	objectVersion = 50;
	objects = {

/* Begin PBXBuildFile section */
		4FE7991C2691CCC800DAB705 /* AppDelegate.m in Sources */ = {isa = PBXBuildFile; fileRef = 4FE7991B2691CCC800DAB705 /* AppDelegate.m */; };
		4FE799272691CCCA00DAB705 /* Assets.xcassets in Resources */ = {isa = PBXBuildFile; fileRef = 4FE799262691CCCA00DAB705 /* Assets.xcassets */; };
		4FE7992A2691CCCA00DAB705 /* LaunchScreen.storyboard in Resources */ = {isa = PBXBuildFile; fileRef = 4FE799282691CCCA00DAB705 /* LaunchScreen.storyboard */; };
		4FE7992D2691CCCA00DAB705 /* main.m in Sources */ = {isa = PBXBuildFile; fileRef = 4FE7992C2691CCCA00DAB705 /* main.m */; };
		4FE799362691CDAB00DAB705 /* AutorizationViewController.m in Sources */ = {isa = PBXBuildFile; fileRef = 4FE799342691CDAB00DAB705 /* AutorizationViewController.m */; };
		4FE799372691CDAB00DAB705 /* AutorizationViewController.xib in Resources */ = {isa = PBXBuildFile; fileRef = 4FE799352691CDAB00DAB705 /* AutorizationViewController.xib */; };
/* End PBXBuildFile section */

/* Begin PBXFileReference section */
		4FE799172691CCC800DAB705 /* Task7_RSSApp.app */ = {isa = PBXFileReference; explicitFileType = wrapper.application; includeInIndex = 0; path = Task7_RSSApp.app; sourceTree = BUILT_PRODUCTS_DIR; };
		4FE7991A2691CCC800DAB705 /* AppDelegate.h */ = {isa = PBXFileReference; lastKnownFileType = sourcecode.c.h; path = AppDelegate.h; sourceTree = "<group>"; };
		4FE7991B2691CCC800DAB705 /* AppDelegate.m */ = {isa = PBXFileReference; lastKnownFileType = sourcecode.c.objc; path = AppDelegate.m; sourceTree = "<group>"; };
		4FE799262691CCCA00DAB705 /* Assets.xcassets */ = {isa = PBXFileReference; lastKnownFileType = folder.assetcatalog; path = Assets.xcassets; sourceTree = "<group>"; };
		4FE799292691CCCA00DAB705 /* Base */ = {isa = PBXFileReference; lastKnownFileType = file.storyboard; name = Base; path = Base.lproj/LaunchScreen.storyboard; sourceTree = "<group>"; };
		4FE7992B2691CCCA00DAB705 /* Info.plist */ = {isa = PBXFileReference; lastKnownFileType = text.plist.xml; path = Info.plist; sourceTree = "<group>"; };
		4FE7992C2691CCCA00DAB705 /* main.m */ = {isa = PBXFileReference; lastKnownFileType = sourcecode.c.objc; path = main.m; sourceTree = "<group>"; };
		4FE799332691CDAB00DAB705 /* AutorizationViewController.h */ = {isa = PBXFileReference; lastKnownFileType = sourcecode.c.h; path = AutorizationViewController.h; sourceTree = "<group>"; };
		4FE799342691CDAB00DAB705 /* AutorizationViewController.m */ = {isa = PBXFileReference; lastKnownFileType = sourcecode.c.objc; path = AutorizationViewController.m; sourceTree = "<group>"; };
		4FE799352691CDAB00DAB705 /* AutorizationViewController.xib */ = {isa = PBXFileReference; lastKnownFileType = file.xib; path = AutorizationViewController.xib; sourceTree = "<group>"; };
/* End PBXFileReference section */

/* Begin PBXFrameworksBuildPhase section */
		4FE799142691CCC800DAB705 /* Frameworks */ = {
			isa = PBXFrameworksBuildPhase;
			buildActionMask = 2147483647;
			files = (
			);
			runOnlyForDeploymentPostprocessing = 0;
		};
/* End PBXFrameworksBuildPhase section */

/* Begin PBXGroup section */
		4FE7990E2691CCC800DAB705 = {
			isa = PBXGroup;
			children = (
				4FE799192691CCC800DAB705 /* Task7_RSSApp */,
				4FE799182691CCC800DAB705 /* Products */,
			);
			sourceTree = "<group>";
		};
		4FE799182691CCC800DAB705 /* Products */ = {
			isa = PBXGroup;
			children = (
				4FE799172691CCC800DAB705 /* Task7_RSSApp.app */,
			);
			name = Products;
			sourceTree = "<group>";
		};
		4FE799192691CCC800DAB705 /* Task7_RSSApp */ = {
			isa = PBXGroup;
			children = (
				4FE7991A2691CCC800DAB705 /* AppDelegate.h */,
				4FE7991B2691CCC800DAB705 /* AppDelegate.m */,
				4FE799262691CCCA00DAB705 /* Assets.xcassets */,
				4FE799282691CCCA00DAB705 /* LaunchScreen.storyboard */,
				4FE7992B2691CCCA00DAB705 /* Info.plist */,
				4FE7992C2691CCCA00DAB705 /* main.m */,
				4FE799332691CDAB00DAB705 /* AutorizationViewController.h */,
				4FE799342691CDAB00DAB705 /* AutorizationViewController.m */,
				4FE799352691CDAB00DAB705 /* AutorizationViewController.xib */,
			);
			path = Task7_RSSApp;
			sourceTree = "<group>";
		};
/* End PBXGroup section */

/* Begin PBXNativeTarget section */
		4FE799162691CCC800DAB705 /* Task7_RSSApp */ = {
			isa = PBXNativeTarget;
			buildConfigurationList = 4FE799302691CCCA00DAB705 /* Build configuration list for PBXNativeTarget "Task7_RSSApp" */;
			buildPhases = (
				4FE799132691CCC800DAB705 /* Sources */,
				4FE799142691CCC800DAB705 /* Frameworks */,
				4FE799152691CCC800DAB705 /* Resources */,
			);
			buildRules = (
			);
			dependencies = (
			);
			name = Task7_RSSApp;
			productName = Task7_RSSApp;
			productReference = 4FE799172691CCC800DAB705 /* Task7_RSSApp.app */;
			productType = "com.apple.product-type.application";
		};
/* End PBXNativeTarget section */

/* Begin PBXProject section */
		4FE7990F2691CCC800DAB705 /* Project object */ = {
			isa = PBXProject;
			attributes = {
				LastUpgradeCheck = 1250;
				TargetAttributes = {
					4FE799162691CCC800DAB705 = {
						CreatedOnToolsVersion = 12.5.1;
					};
				};
			};
			buildConfigurationList = 4FE799122691CCC800DAB705 /* Build configuration list for PBXProject "Task7_RSSApp" */;
			compatibilityVersion = "Xcode 9.3";
			developmentRegion = en;
			hasScannedForEncodings = 0;
			knownRegions = (
				en,
				Base,
			);
			mainGroup = 4FE7990E2691CCC800DAB705;
			productRefGroup = 4FE799182691CCC800DAB705 /* Products */;
			projectDirPath = "";
			projectRoot = "";
			targets = (
				4FE799162691CCC800DAB705 /* Task7_RSSApp */,
			);
		};
/* End PBXProject section */

/* Begin PBXResourcesBuildPhase section */
		4FE799152691CCC800DAB705 /* Resources */ = {
			isa = PBXResourcesBuildPhase;
			buildActionMask = 2147483647;
			files = (
				4FE799372691CDAB00DAB705 /* AutorizationViewController.xib in Resources */,
				4FE7992A2691CCCA00DAB705 /* LaunchScreen.storyboard in Resources */,
				4FE799272691CCCA00DAB705 /* Assets.xcassets in Resources */,
			);
			runOnlyForDeploymentPostprocessing = 0;
		};
/* End PBXResourcesBuildPhase section */

/* Begin PBXSourcesBuildPhase section */
		4FE799132691CCC800DAB705 /* Sources */ = {
			isa = PBXSourcesBuildPhase;
			buildActionMask = 2147483647;
			files = (
				4FE7991C2691CCC800DAB705 /* AppDelegate.m in Sources */,
				4FE799362691CDAB00DAB705 /* AutorizationViewController.m in Sources */,
				4FE7992D2691CCCA00DAB705 /* main.m in Sources */,
			);
			runOnlyForDeploymentPostprocessing = 0;
		};
/* End PBXSourcesBuildPhase section */

/* Begin PBXVariantGroup section */
		4FE799282691CCCA00DAB705 /* LaunchScreen.storyboard */ = {
			isa = PBXVariantGroup;
			children = (
				4FE799292691CCCA00DAB705 /* Base */,
			);
			name = LaunchScreen.storyboard;
			sourceTree = "<group>";
		};
/* End PBXVariantGroup section */

/* Begin XCBuildConfiguration section */
		4FE7992E2691CCCA00DAB705 /* Debug */ = {
			isa = XCBuildConfiguration;
			buildSettings = {
				ALWAYS_SEARCH_USER_PATHS = NO;
				CLANG_ANALYZER_NONNULL = YES;
				CLANG_ANALYZER_NUMBER_OBJECT_CONVERSION = YES_AGGRESSIVE;
				CLANG_CXX_LANGUAGE_STANDARD = "gnu++14";
				CLANG_CXX_LIBRARY = "libc++";
				CLANG_ENABLE_MODULES = YES;
				CLANG_ENABLE_OBJC_ARC = YES;
				CLANG_ENABLE_OBJC_WEAK = YES;
				CLANG_WARN_BLOCK_CAPTURE_AUTORELEASING = YES;
				CLANG_WARN_BOOL_CONVERSION = YES;
				CLANG_WARN_COMMA = YES;
				CLANG_WARN_CONSTANT_CONVERSION = YES;
				CLANG_WARN_DEPRECATED_OBJC_IMPLEMENTATIONS = YES;
				CLANG_WARN_DIRECT_OBJC_ISA_USAGE = YES_ERROR;
				CLANG_WARN_DOCUMENTATION_COMMENTS = YES;
				CLANG_WARN_EMPTY_BODY = YES;
				CLANG_WARN_ENUM_CONVERSION = YES;
				CLANG_WARN_INFINITE_RECURSION = YES;
				CLANG_WARN_INT_CONVERSION = YES;
				CLANG_WARN_NON_LITERAL_NULL_CONVERSION = YES;
				CLANG_WARN_OBJC_IMPLICIT_RETAIN_SELF = YES;
				CLANG_WARN_OBJC_LITERAL_CONVERSION = YES;
				CLANG_WARN_OBJC_ROOT_CLASS = YES_ERROR;
				CLANG_WARN_QUOTED_INCLUDE_IN_FRAMEWORK_HEADER = YES;
				CLANG_WARN_RANGE_LOOP_ANALYSIS = YES;
				CLANG_WARN_STRICT_PROTOTYPES = YES;
				CLANG_WARN_SUSPICIOUS_MOVE = YES;
				CLANG_WARN_UNGUARDED_AVAILABILITY = YES_AGGRESSIVE;
				CLANG_WARN_UNREACHABLE_CODE = YES;
				CLANG_WARN__DUPLICATE_METHOD_MATCH = YES;
				COPY_PHASE_STRIP = NO;
				DEBUG_INFORMATION_FORMAT = dwarf;
				ENABLE_STRICT_OBJC_MSGSEND = YES;
				ENABLE_TESTABILITY = YES;
				GCC_C_LANGUAGE_STANDARD = gnu11;
				GCC_DYNAMIC_NO_PIC = NO;
				GCC_NO_COMMON_BLOCKS = YES;
				GCC_OPTIMIZATION_LEVEL = 0;
				GCC_PREPROCESSOR_DEFINITIONS = (
					"DEBUG=1",
					"$(inherited)",
				);
				GCC_WARN_64_TO_32_BIT_CONVERSION = YES;
				GCC_WARN_ABOUT_RETURN_TYPE = YES_ERROR;
				GCC_WARN_UNDECLARED_SELECTOR = YES;
				GCC_WARN_UNINITIALIZED_AUTOS = YES_AGGRESSIVE;
				GCC_WARN_UNUSED_FUNCTION = YES;
				GCC_WARN_UNUSED_VARIABLE = YES;
				IPHONEOS_DEPLOYMENT_TARGET = 14.5;
				MTL_ENABLE_DEBUG_INFO = INCLUDE_SOURCE;
				MTL_FAST_MATH = YES;
				ONLY_ACTIVE_ARCH = YES;
				SDKROOT = iphoneos;
			};
			name = Debug;
		};
		4FE7992F2691CCCA00DAB705 /* Release */ = {
			isa = XCBuildConfiguration;
			buildSettings = {
				ALWAYS_SEARCH_USER_PATHS = NO;
				CLANG_ANALYZER_NONNULL = YES;
				CLANG_ANALYZER_NUMBER_OBJECT_CONVERSION = YES_AGGRESSIVE;
				CLANG_CXX_LANGUAGE_STANDARD = "gnu++14";
				CLANG_CXX_LIBRARY = "libc++";
				CLANG_ENABLE_MODULES = YES;
				CLANG_ENABLE_OBJC_ARC = YES;
				CLANG_ENABLE_OBJC_WEAK = YES;
				CLANG_WARN_BLOCK_CAPTURE_AUTORELEASING = YES;
				CLANG_WARN_BOOL_CONVERSION = YES;
				CLANG_WARN_COMMA = YES;
				CLANG_WARN_CONSTANT_CONVERSION = YES;
				CLANG_WARN_DEPRECATED_OBJC_IMPLEMENTATIONS = YES;
				CLANG_WARN_DIRECT_OBJC_ISA_USAGE = YES_ERROR;
				CLANG_WARN_DOCUMENTATION_COMMENTS = YES;
				CLANG_WARN_EMPTY_BODY = YES;
				CLANG_WARN_ENUM_CONVERSION = YES;
				CLANG_WARN_INFINITE_RECURSION = YES;
				CLANG_WARN_INT_CONVERSION = YES;
				CLANG_WARN_NON_LITERAL_NULL_CONVERSION = YES;
				CLANG_WARN_OBJC_IMPLICIT_RETAIN_SELF = YES;
				CLANG_WARN_OBJC_LITERAL_CONVERSION = YES;
				CLANG_WARN_OBJC_ROOT_CLASS = YES_ERROR;
				CLANG_WARN_QUOTED_INCLUDE_IN_FRAMEWORK_HEADER = YES;
				CLANG_WARN_RANGE_LOOP_ANALYSIS = YES;
				CLANG_WARN_STRICT_PROTOTYPES = YES;
				CLANG_WARN_SUSPICIOUS_MOVE = YES;
				CLANG_WARN_UNGUARDED_AVAILABILITY = YES_AGGRESSIVE;
				CLANG_WARN_UNREACHABLE_CODE = YES;
				CLANG_WARN__DUPLICATE_METHOD_MATCH = YES;
				COPY_PHASE_STRIP = NO;
				DEBUG_INFORMATION_FORMAT = "dwarf-with-dsym";
				ENABLE_NS_ASSERTIONS = NO;
				ENABLE_STRICT_OBJC_MSGSEND = YES;
				GCC_C_LANGUAGE_STANDARD = gnu11;
				GCC_NO_COMMON_BLOCKS = YES;
				GCC_WARN_64_TO_32_BIT_CONVERSION = YES;
				GCC_WARN_ABOUT_RETURN_TYPE = YES_ERROR;
				GCC_WARN_UNDECLARED_SELECTOR = YES;
				GCC_WARN_UNINITIALIZED_AUTOS = YES_AGGRESSIVE;
				GCC_WARN_UNUSED_FUNCTION = YES;
				GCC_WARN_UNUSED_VARIABLE = YES;
				IPHONEOS_DEPLOYMENT_TARGET = 14.5;
				MTL_ENABLE_DEBUG_INFO = NO;
				MTL_FAST_MATH = YES;
				SDKROOT = iphoneos;
				VALIDATE_PRODUCT = YES;
			};
			name = Release;
		};
		4FE799312691CCCA00DAB705 /* Debug */ = {
			isa = XCBuildConfiguration;
			buildSettings = {
				ASSETCATALOG_COMPILER_APPICON_NAME = AppIcon;
				ASSETCATALOG_COMPILER_GLOBAL_ACCENT_COLOR_NAME = AccentColor;
				CODE_SIGN_STYLE = Automatic;
				DEVELOPMENT_TEAM = YPGV8497R9;
				INFOPLIST_FILE = Task7_RSSApp/Info.plist;
				LD_RUNPATH_SEARCH_PATHS = (
					"$(inherited)",
					"@executable_path/Frameworks",
				);
				PRODUCT_BUNDLE_IDENTIFIER = "com.aKushnerov.Task7-RSSApp";
				PRODUCT_NAME = "$(TARGET_NAME)";
				TARGETED_DEVICE_FAMILY = "1,2";
			};
			name = Debug;
		};
		4FE799322691CCCA00DAB705 /* Release */ = {
			isa = XCBuildConfiguration;
			buildSettings = {
				ASSETCATALOG_COMPILER_APPICON_NAME = AppIcon;
				ASSETCATALOG_COMPILER_GLOBAL_ACCENT_COLOR_NAME = AccentColor;
				CODE_SIGN_STYLE = Automatic;
				DEVELOPMENT_TEAM = YPGV8497R9;
				INFOPLIST_FILE = Task7_RSSApp/Info.plist;
				LD_RUNPATH_SEARCH_PATHS = (
					"$(inherited)",
					"@executable_path/Frameworks",
				);
				PRODUCT_BUNDLE_IDENTIFIER = "com.aKushnerov.Task7-RSSApp";
				PRODUCT_NAME = "$(TARGET_NAME)";
				TARGETED_DEVICE_FAMILY = "1,2";
			};
			name = Release;
		};
/* End XCBuildConfiguration section */

/* Begin XCConfigurationList section */
		4FE799122691CCC800DAB705 /* Build configuration list for PBXProject "Task7_RSSApp" */ = {
			isa = XCConfigurationList;
			buildConfigurations = (
				4FE7992E2691CCCA00DAB705 /* Debug */,
				4FE7992F2691CCCA00DAB705 /* Release */,
			);
			defaultConfigurationIsVisible = 0;
			defaultConfigurationName = Release;
		};
		4FE799302691CCCA00DAB705 /* Build configuration list for PBXNativeTarget "Task7_RSSApp" */ = {
			isa = XCConfigurationList;
			buildConfigurations = (
				4FE799312691CCCA00DAB705 /* Debug */,
				4FE799322691CCCA00DAB705 /* Release */,
			);
			defaultConfigurationIsVisible = 0;
			defaultConfigurationName = Release;
		};
/* End XCConfigurationList section */
	};
	rootObject = 4FE7990F2691CCC800DAB705 /* Project object */;
}
